
Microsoft Visual Studio Solution File, Format Version 12.00
# Visual Studio Version 16
VisualStudioVersion = 16.0.31729.503
MinimumVisualStudioVersion = 10.0.40219.1
Project("{FAE04EC0-301F-11D3-BF4B-00C04F79EFBC}") = "Chinese-Citation-Generator", "Chinese-Citation-Generator.csproj", "{453F236C-3FC1-42D4-BF95-81C117409BEB}"
EndProject
Global
	GlobalSection(SolutionConfigurationPlatforms) = preSolution
		Debug|Any CPU = Debug|Any CPU
		Release|Any CPU = Release|Any CPU
	EndGlobalSection
	GlobalSection(ProjectConfigurationPlatforms) = postSolution
		{453F236C-3FC1-42D4-BF95-81C117409BEB}.Debug|Any CPU.ActiveCfg = Debug|Any CPU
		{453F236C-3FC1-42D4-BF95-81C117409BEB}.Debug|Any CPU.Build.0 = Debug|Any CPU
		{453F236C-3FC1-42D4-BF95-81C117409BEB}.Release|Any CPU.ActiveCfg = Release|Any CPU
		{453F236C-3FC1-42D4-BF95-81C117409BEB}.Release|Any CPU.Build.0 = Release|Any CPU
	EndGlobalSection
	GlobalSection(SolutionProperties) = preSolution
		HideSolutionNode = FALSE
	EndGlobalSection
	GlobalSection(ExtensibilityGlobals) = postSolution
		SolutionGuid = {804B511A-EB67-4C78-93D2-406202D7EEE9}
	EndGlobalSection
EndGlobal
